
Microsoft Visual Studio Solution File, Format Version 12.00
# Visual Studio Version 16
VisualStudioVersion = 16.0.32802.440
MinimumVisualStudioVersion = 10.0.40219.1
Project("{8BC9CEB8-8B4A-11D0-8D11-00A0C91BC942}") = "QueryDeviceInfo", "QueryDeviceInfo\QueryDeviceInfo.vcxproj", "{670937A5-4C3D-4AE4-B6E8-B55CBC233C44}"
EndProject
Global
	GlobalSection(SolutionConfigurationPlatforms) = preSolution
		Debug|x64 = Debug|x64
		Release|x64 = Release|x64
	EndGlobalSection
	GlobalSection(ProjectConfigurationPlatforms) = postSolution
		{670937A5-4C3D-4AE4-B6E8-B55CBC233C44}.Debug|x64.ActiveCfg = Debug|x64
		{670937A5-4C3D-4AE4-B6E8-B55CBC233C44}.Debug|x64.Build.0 = Debug|x64
		{670937A5-4C3D-4AE4-B6E8-B55CBC233C44}.Release|x64.ActiveCfg = Release|x64
		{670937A5-4C3D-4AE4-B6E8-B55CBC233C44}.Release|x64.Build.0 = Release|x64
	EndGlobalSection
	GlobalSection(SolutionProperties) = preSolution
		HideSolutionNode = FALSE
	EndGlobalSection
	GlobalSection(ExtensibilityGlobals) = postSolution
		SolutionGuid = {7AF4F98D-940D-424B-9AD1-159318CD632E}
	EndGlobalSection
EndGlobal
